
Microsoft Visual Studio Solution File, Format Version 12.00
# Visual Studio 14
VisualStudioVersion = 14.0.25420.1
MinimumVisualStudioVersion = 10.0.40219.1
Project("{FAE04EC0-301F-11D3-BF4B-00C04F79EFBC}") = "GiantBombUnofficialClassic", "GiantBombUnofficialClassic\GiantBombUnofficialClassic.csproj", "{49AF8211-5DC3-4221-8F04-38ADCD4E3E8D}"
EndProject
Project("{FAE04EC0-301F-11D3-BF4B-00C04F79EFBC}") = "GiantBombApi", "GiantBombApi\GiantBombApi.csproj", "{A18FE160-293C-4FA1-9365-50C25BA3E0A9}"
EndProject
Global
	GlobalSection(SolutionConfigurationPlatforms) = preSolution
		Debug|Any CPU = Debug|Any CPU
		Debug|ARM = Debug|ARM
		Debug|x64 = Debug|x64
		Debug|x86 = Debug|x86
		Release|Any CPU = Release|Any CPU
		Release|ARM = Release|ARM
		Release|x64 = Release|x64
		Release|x86 = Release|x86
		Xbox - Debug|Any CPU = Xbox - Debug|Any CPU
		Xbox - Debug|ARM = Xbox - Debug|ARM
		Xbox - Debug|x64 = Xbox - Debug|x64
		Xbox - Debug|x86 = Xbox - Debug|x86
	EndGlobalSection
	GlobalSection(ProjectConfigurationPlatforms) = postSolution
		{49AF8211-5DC3-4221-8F04-38ADCD4E3E8D}.Debug|Any CPU.ActiveCfg = Debug|x86
		{49AF8211-5DC3-4221-8F04-38ADCD4E3E8D}.Debug|ARM.ActiveCfg = Debug|ARM
		{49AF8211-5DC3-4221-8F04-38ADCD4E3E8D}.Debug|ARM.Build.0 = Debug|ARM
		{49AF8211-5DC3-4221-8F04-38ADCD4E3E8D}.Debug|ARM.Deploy.0 = Debug|ARM
		{49AF8211-5DC3-4221-8F04-38ADCD4E3E8D}.Debug|x64.ActiveCfg = Debug|x64
		{49AF8211-5DC3-4221-8F04-38ADCD4E3E8D}.Debug|x64.Build.0 = Debug|x64
		{49AF8211-5DC3-4221-8F04-38ADCD4E3E8D}.Debug|x64.Deploy.0 = Debug|x64
		{49AF8211-5DC3-4221-8F04-38ADCD4E3E8D}.Debug|x86.ActiveCfg = Debug|x86
		{49AF8211-5DC3-4221-8F04-38ADCD4E3E8D}.Debug|x86.Build.0 = Debug|x86
		{49AF8211-5DC3-4221-8F04-38ADCD4E3E8D}.Debug|x86.Deploy.0 = Debug|x86
		{49AF8211-5DC3-4221-8F04-38ADCD4E3E8D}.Release|Any CPU.ActiveCfg = Release|x86
		{49AF8211-5DC3-4221-8F04-38ADCD4E3E8D}.Release|ARM.ActiveCfg = Release|ARM
		{49AF8211-5DC3-4221-8F04-38ADCD4E3E8D}.Release|ARM.Build.0 = Release|ARM
		{49AF8211-5DC3-4221-8F04-38ADCD4E3E8D}.Release|ARM.Deploy.0 = Release|ARM
		{49AF8211-5DC3-4221-8F04-38ADCD4E3E8D}.Release|x64.ActiveCfg = Release|x64
		{49AF8211-5DC3-4221-8F04-38ADCD4E3E8D}.Release|x64.Build.0 = Release|x64
		{49AF8211-5DC3-4221-8F04-38ADCD4E3E8D}.Release|x64.Deploy.0 = Release|x64
		{49AF8211-5DC3-4221-8F04-38ADCD4E3E8D}.Release|x86.ActiveCfg = Release|x86
		{49AF8211-5DC3-4221-8F04-38ADCD4E3E8D}.Release|x86.Build.0 = Release|x86
		{49AF8211-5DC3-4221-8F04-38ADCD4E3E8D}.Release|x86.Deploy.0 = Release|x86
		{49AF8211-5DC3-4221-8F04-38ADCD4E3E8D}.Xbox - Debug|Any CPU.ActiveCfg = Xbox - Debug|x86
		{49AF8211-5DC3-4221-8F04-38ADCD4E3E8D}.Xbox - Debug|ARM.ActiveCfg = Xbox - Debug|ARM
		{49AF8211-5DC3-4221-8F04-38ADCD4E3E8D}.Xbox - Debug|ARM.Build.0 = Xbox - Debug|ARM
		{49AF8211-5DC3-4221-8F04-38ADCD4E3E8D}.Xbox - Debug|ARM.Deploy.0 = Xbox - Debug|ARM
		{49AF8211-5DC3-4221-8F04-38ADCD4E3E8D}.Xbox - Debug|x64.ActiveCfg = Xbox - Debug|x64
		{49AF8211-5DC3-4221-8F04-38ADCD4E3E8D}.Xbox - Debug|x64.Build.0 = Xbox - Debug|x64
		{49AF8211-5DC3-4221-8F04-38ADCD4E3E8D}.Xbox - Debug|x64.Deploy.0 = Xbox - Debug|x64
		{49AF8211-5DC3-4221-8F04-38ADCD4E3E8D}.Xbox - Debug|x86.ActiveCfg = Xbox - Debug|x86
		{49AF8211-5DC3-4221-8F04-38ADCD4E3E8D}.Xbox - Debug|x86.Build.0 = Xbox - Debug|x86
		{49AF8211-5DC3-4221-8F04-38ADCD4E3E8D}.Xbox - Debug|x86.Deploy.0 = Xbox - Debug|x86
		{A18FE160-293C-4FA1-9365-50C25BA3E0A9}.Debug|Any CPU.ActiveCfg = Debug|Any CPU
		{A18FE160-293C-4FA1-9365-50C25BA3E0A9}.Debug|Any CPU.Build.0 = Debug|Any CPU
		{A18FE160-293C-4FA1-9365-50C25BA3E0A9}.Debug|ARM.ActiveCfg = Debug|ARM
		{A18FE160-293C-4FA1-9365-50C25BA3E0A9}.Debug|ARM.Build.0 = Debug|ARM
		{A18FE160-293C-4FA1-9365-50C25BA3E0A9}.Debug|x64.ActiveCfg = Debug|x64
		{A18FE160-293C-4FA1-9365-50C25BA3E0A9}.Debug|x64.Build.0 = Debug|x64
		{A18FE160-293C-4FA1-9365-50C25BA3E0A9}.Debug|x86.ActiveCfg = Debug|x86
		{A18FE160-293C-4FA1-9365-50C25BA3E0A9}.Debug|x86.Build.0 = Debug|x86
		{A18FE160-293C-4FA1-9365-50C25BA3E0A9}.Release|Any CPU.ActiveCfg = Release|Any CPU
		{A18FE160-293C-4FA1-9365-50C25BA3E0A9}.Release|Any CPU.Build.0 = Release|Any CPU
		{A18FE160-293C-4FA1-9365-50C25BA3E0A9}.Release|ARM.ActiveCfg = Release|ARM
		{A18FE160-293C-4FA1-9365-50C25BA3E0A9}.Release|ARM.Build.0 = Release|ARM
		{A18FE160-293C-4FA1-9365-50C25BA3E0A9}.Release|x64.ActiveCfg = Release|x64
		{A18FE160-293C-4FA1-9365-50C25BA3E0A9}.Release|x64.Build.0 = Release|x64
		{A18FE160-293C-4FA1-9365-50C25BA3E0A9}.Release|x86.ActiveCfg = Release|x86
		{A18FE160-293C-4FA1-9365-50C25BA3E0A9}.Release|x86.Build.0 = Release|x86
		{A18FE160-293C-4FA1-9365-50C25BA3E0A9}.Xbox - Debug|Any CPU.ActiveCfg = Xbox - Debug|Any CPU
		{A18FE160-293C-4FA1-9365-50C25BA3E0A9}.Xbox - Debug|Any CPU.Build.0 = Xbox - Debug|Any CPU
		{A18FE160-293C-4FA1-9365-50C25BA3E0A9}.Xbox - Debug|ARM.ActiveCfg = Xbox - Debug|ARM
		{A18FE160-293C-4FA1-9365-50C25BA3E0A9}.Xbox - Debug|ARM.Build.0 = Xbox - Debug|ARM
		{A18FE160-293C-4FA1-9365-50C25BA3E0A9}.Xbox - Debug|x64.ActiveCfg = Xbox - Debug|x64
		{A18FE160-293C-4FA1-9365-50C25BA3E0A9}.Xbox - Debug|x64.Build.0 = Xbox - Debug|x64
		{A18FE160-293C-4FA1-9365-50C25BA3E0A9}.Xbox - Debug|x86.ActiveCfg = Xbox - Debug|x86
		{A18FE160-293C-4FA1-9365-50C25BA3E0A9}.Xbox - Debug|x86.Build.0 = Xbox - Debug|x86
	EndGlobalSection
	GlobalSection(SolutionProperties) = preSolution
		HideSolutionNode = FALSE
	EndGlobalSection
EndGlobal
